
Microsoft Visual Studio Solution File, Format Version 12.00
# Visual Studio Version 16
VisualStudioVersion = 16.0.29920.165
MinimumVisualStudioVersion = 10.0.40219.1
Project("{FAE04EC0-301F-11D3-BF4B-00C04F79EFBC}") = "hmd", "hmd.csproj", "{121B3FF1-0DA1-4C06-BCCA-42BE0109F526}"
EndProject
Global
	GlobalSection(SolutionConfigurationPlatforms) = preSolution
		Debug|Any CPU = Debug|Any CPU
		Release|Any CPU = Release|Any CPU
	EndGlobalSection
	GlobalSection(ProjectConfigurationPlatforms) = postSolution
		{121B3FF1-0DA1-4C06-BCCA-42BE0109F526}.Debug|Any CPU.ActiveCfg = Debug|Any CPU
		{121B3FF1-0DA1-4C06-BCCA-42BE0109F526}.Debug|Any CPU.Build.0 = Debug|Any CPU
		{121B3FF1-0DA1-4C06-BCCA-42BE0109F526}.Release|Any CPU.ActiveCfg = Release|Any CPU
		{121B3FF1-0DA1-4C06-BCCA-42BE0109F526}.Release|Any CPU.Build.0 = Release|Any CPU
	EndGlobalSection
	GlobalSection(SolutionProperties) = preSolution
		HideSolutionNode = FALSE
	EndGlobalSection
	GlobalSection(ExtensibilityGlobals) = postSolution
		SolutionGuid = {245EC8A2-D22B-4A31-AB34-98BA79F58D2B}
	EndGlobalSection
EndGlobal
